// !$*UTF8*$!
{
	archiveVersion = 1;
	classes = {
	};
	objectVersion = 77;
	objects = {

/* Begin PBXBuildFile section */
		ED9F19B02F0F64D1003B8A48 /* SwiftSoup in Frameworks */ = {isa = PBXBuildFile; productRef = ED9F19AF2F0F64D1003B8A48 /* SwiftSoup */; };
		EDE4FBED2ED805DE00D4CBA6 /* Auth in Frameworks */ = {isa = PBXBuildFile; productRef = EDE4FBEC2ED805DE00D4CBA6 /* Auth */; };
		EDE4FBEF2ED805DE00D4CBA6 /* Functions in Frameworks */ = {isa = PBXBuildFile; productRef = EDE4FBEE2ED805DE00D4CBA6 /* Functions */; };
		EDE4FBF12ED805DE00D4CBA6 /* PostgREST in Frameworks */ = {isa = PBXBuildFile; productRef = EDE4FBF02ED805DE00D4CBA6 /* PostgREST */; };
		EDE4FBF32ED805DE00D4CBA6 /* Realtime in Frameworks */ = {isa = PBXBuildFile; productRef = EDE4FBF22ED805DE00D4CBA6 /* Realtime */; };
		EDE4FBF52ED805DE00D4CBA6 /* Storage in Frameworks */ = {isa = PBXBuildFile; productRef = EDE4FBF42ED805DE00D4CBA6 /* Storage */; };
		EDE4FC032ED8094800D4CBA6 /* Supabase in Frameworks */ = {isa = PBXBuildFile; productRef = EDE4FC022ED8094800D4CBA6 /* Supabase */; };
/* End PBXBuildFile section */

/* Begin PBXContainerItemProxy section */
		ED95F8222ED528990020D4CF /* PBXContainerItemProxy */ = {
			isa = PBXContainerItemProxy;
			containerPortal = ED95F80A2ED528980020D4CF /* Project object */;
			proxyType = 1;
			remoteGlobalIDString = ED95F8112ED528980020D4CF;
			remoteInfo = "Aura Luxe";
		};
		ED95F82C2ED528990020D4CF /* PBXContainerItemProxy */ = {
			isa = PBXContainerItemProxy;
			containerPortal = ED95F80A2ED528980020D4CF /* Project object */;
			proxyType = 1;
			remoteGlobalIDString = ED95F8112ED528980020D4CF;
			remoteInfo = "Aura Luxe";
		};
/* End PBXContainerItemProxy section */

/* Begin PBXFileReference section */
		ED95F8122ED528980020D4CF /* Aura Luxe.app */ = {isa = PBXFileReference; explicitFileType = wrapper.application; includeInIndex = 0; path = "Aura Luxe.app"; sourceTree = BUILT_PRODUCTS_DIR; };
		ED95F8212ED528990020D4CF /* Aura LuxeTests.xctest */ = {isa = PBXFileReference; explicitFileType = wrapper.cfbundle; includeInIndex = 0; path = "Aura LuxeTests.xctest"; sourceTree = BUILT_PRODUCTS_DIR; };
		ED95F82B2ED528990020D4CF /* Aura LuxeUITests.xctest */ = {isa = PBXFileReference; explicitFileType = wrapper.cfbundle; includeInIndex = 0; path = "Aura LuxeUITests.xctest"; sourceTree = BUILT_PRODUCTS_DIR; };
/* End PBXFileReference section */

/* Begin PBXFileSystemSynchronizedRootGroup section */
		ED95F8142ED528980020D4CF /* Aura Luxe */ = {
			isa = PBXFileSystemSynchronizedRootGroup;
			path = "Aura Luxe";
			sourceTree = "<group>";
		};
		ED95F8242ED528990020D4CF /* Aura LuxeTests */ = {
			isa = PBXFileSystemSynchronizedRootGroup;
			path = "Aura LuxeTests";
			sourceTree = "<group>";
		};
		ED95F82E2ED528990020D4CF /* Aura LuxeUITests */ = {
			isa = PBXFileSystemSynchronizedRootGroup;
			path = "Aura LuxeUITests";
			sourceTree = "<group>";
		};
/* End PBXFileSystemSynchronizedRootGroup section */

/* Begin PBXFrameworksBuildPhase section */
		ED95F80F2ED528980020D4CF /* Frameworks */ = {
			isa = PBXFrameworksBuildPhase;
			buildActionMask = 2147483647;
			files = (
				EDE4FBF12ED805DE00D4CBA6 /* PostgREST in Frameworks */,
				EDE4FBEF2ED805DE00D4CBA6 /* Functions in Frameworks */,
				EDE4FC032ED8094800D4CBA6 /* Supabase in Frameworks */,
				EDE4FBED2ED805DE00D4CBA6 /* Auth in Frameworks */,
				EDE4FBF52ED805DE00D4CBA6 /* Storage in Frameworks */,
				EDE4FBF32ED805DE00D4CBA6 /* Realtime in Frameworks */,
				ED9F19B02F0F64D1003B8A48 /* SwiftSoup in Frameworks */,
			);
			runOnlyForDeploymentPostprocessing = 0;
		};
		ED95F81E2ED528990020D4CF /* Frameworks */ = {
			isa = PBXFrameworksBuildPhase;
			buildActionMask = 2147483647;
			files = (
			);
			runOnlyForDeploymentPostprocessing = 0;
		};
		ED95F8282ED528990020D4CF /* Frameworks */ = {
			isa = PBXFrameworksBuildPhase;
			buildActionMask = 2147483647;
			files = (
			);
			runOnlyForDeploymentPostprocessing = 0;
		};
/* End PBXFrameworksBuildPhase section */

/* Begin PBXGroup section */
		ED95F8092ED528980020D4CF = {
			isa = PBXGroup;
			children = (
				ED95F8142ED528980020D4CF /* Aura Luxe */,
				ED95F8242ED528990020D4CF /* Aura LuxeTests */,
				ED95F82E2ED528990020D4CF /* Aura LuxeUITests */,
				EDE4FC012ED8094800D4CBA6 /* Frameworks */,
				ED95F8132ED528980020D4CF /* Products */,
			);
			sourceTree = "<group>";
		};
		ED95F8132ED528980020D4CF /* Products */ = {
			isa = PBXGroup;
			children = (
				ED95F8122ED528980020D4CF /* Aura Luxe.app */,
				ED95F8212ED528990020D4CF /* Aura LuxeTests.xctest */,
				ED95F82B2ED528990020D4CF /* Aura LuxeUITests.xctest */,
			);
			name = Products;
			sourceTree = "<group>";
		};
		EDE4FC012ED8094800D4CBA6 /* Frameworks */ = {
			isa = PBXGroup;
			children = (
			);
			name = Frameworks;
			sourceTree = "<group>";
		};
/* End PBXGroup section */

/* Begin PBXNativeTarget section */
		ED95F8112ED528980020D4CF /* Aura Luxe */ = {
			isa = PBXNativeTarget;
			buildConfigurationList = ED95F8352ED528990020D4CF /* Build configuration list for PBXNativeTarget "Aura Luxe" */;
			buildPhases = (
				ED95F80E2ED528980020D4CF /* Sources */,
				ED95F80F2ED528980020D4CF /* Frameworks */,
				ED95F8102ED528980020D4CF /* Resources */,
			);
			buildRules = (
			);
			dependencies = (
			);
			fileSystemSynchronizedGroups = (
				ED95F8142ED528980020D4CF /* Aura Luxe */,
			);
			name = "Aura Luxe";
			packageProductDependencies = (
				EDE4FBEC2ED805DE00D4CBA6 /* Auth */,
				EDE4FBEE2ED805DE00D4CBA6 /* Functions */,
				EDE4FBF02ED805DE00D4CBA6 /* PostgREST */,
				EDE4FBF22ED805DE00D4CBA6 /* Realtime */,
				EDE4FBF42ED805DE00D4CBA6 /* Storage */,
				EDE4FC022ED8094800D4CBA6 /* Supabase */,
				ED9F19AF2F0F64D1003B8A48 /* SwiftSoup */,
			);
			productName = "Aura Luxe";
			productReference = ED95F8122ED528980020D4CF /* Aura Luxe.app */;
			productType = "com.apple.product-type.application";
		};
		ED95F8202ED528990020D4CF /* Aura LuxeTests */ = {
			isa = PBXNativeTarget;
			buildConfigurationList = ED95F8382ED528990020D4CF /* Build configuration list for PBXNativeTarget "Aura LuxeTests" */;
			buildPhases = (
				ED95F81D2ED528990020D4CF /* Sources */,
				ED95F81E2ED528990020D4CF /* Frameworks */,
				ED95F81F2ED528990020D4CF /* Resources */,
			);
			buildRules = (
			);
			dependencies = (
				ED95F8232ED528990020D4CF /* PBXTargetDependency */,
			);
			fileSystemSynchronizedGroups = (
				ED95F8242ED528990020D4CF /* Aura LuxeTests */,
			);
			name = "Aura LuxeTests";
			packageProductDependencies = (
			);
			productName = "Aura LuxeTests";
			productReference = ED95F8212ED528990020D4CF /* Aura LuxeTests.xctest */;
			productType = "com.apple.product-type.bundle.unit-test";
		};
		ED95F82A2ED528990020D4CF /* Aura LuxeUITests */ = {
			isa = PBXNativeTarget;
			buildConfigurationList = ED95F83B2ED528990020D4CF /* Build configuration list for PBXNativeTarget "Aura LuxeUITests" */;
			buildPhases = (
				ED95F8272ED528990020D4CF /* Sources */,
				ED95F8282ED528990020D4CF /* Frameworks */,
				ED95F8292ED528990020D4CF /* Resources */,
			);
			buildRules = (
			);
			dependencies = (
				ED95F82D2ED528990020D4CF /* PBXTargetDependency */,
			);
			fileSystemSynchronizedGroups = (
				ED95F82E2ED528990020D4CF /* Aura LuxeUITests */,
			);
			name = "Aura LuxeUITests";
			packageProductDependencies = (
			);
			productName = "Aura LuxeUITests";
			productReference = ED95F82B2ED528990020D4CF /* Aura LuxeUITests.xctest */;
			productType = "com.apple.product-type.bundle.ui-testing";
		};
/* End PBXNativeTarget section */

/* Begin PBXProject section */
		ED95F80A2ED528980020D4CF /* Project object */ = {
			isa = PBXProject;
			attributes = {
				BuildIndependentTargetsInParallel = 1;
				LastSwiftUpdateCheck = 2610;
				LastUpgradeCheck = 2610;
				TargetAttributes = {
					ED95F8112ED528980020D4CF = {
						CreatedOnToolsVersion = 26.1.1;
					};
					ED95F8202ED528990020D4CF = {
						CreatedOnToolsVersion = 26.1.1;
						TestTargetID = ED95F8112ED528980020D4CF;
					};
					ED95F82A2ED528990020D4CF = {
						CreatedOnToolsVersion = 26.1.1;
						TestTargetID = ED95F8112ED528980020D4CF;
					};
				};
			};
			buildConfigurationList = ED95F80D2ED528980020D4CF /* Build configuration list for PBXProject "Aura Luxe" */;
			developmentRegion = en;
			hasScannedForEncodings = 0;
			knownRegions = (
				en,
				Base,
			);
			mainGroup = ED95F8092ED528980020D4CF;
			minimizedProjectReferenceProxies = 1;
			packageReferences = (
				EDE4FBEB2ED805DE00D4CBA6 /* XCRemoteSwiftPackageReference "supabase-swift" */,
				ED9F19AE2F0F64D1003B8A48 /* XCRemoteSwiftPackageReference "SwiftSoup" */,
			);
			preferredProjectObjectVersion = 77;
			productRefGroup = ED95F8132ED528980020D4CF /* Products */;
			projectDirPath = "";
			projectRoot = "";
			targets = (
				ED95F8112ED528980020D4CF /* Aura Luxe */,
				ED95F8202ED528990020D4CF /* Aura LuxeTests */,
				ED95F82A2ED528990020D4CF /* Aura LuxeUITests */,
			);
		};
/* End PBXProject section */

/* Begin PBXResourcesBuildPhase section */
		ED95F8102ED528980020D4CF /* Resources */ = {
			isa = PBXResourcesBuildPhase;
			buildActionMask = 2147483647;
			files = (
			);
			runOnlyForDeploymentPostprocessing = 0;
		};
		ED95F81F2ED528990020D4CF /* Resources */ = {
			isa = PBXResourcesBuildPhase;
			buildActionMask = 2147483647;
			files = (
			);
			runOnlyForDeploymentPostprocessing = 0;
		};
		ED95F8292ED528990020D4CF /* Resources */ = {
			isa = PBXResourcesBuildPhase;
			buildActionMask = 2147483647;
			files = (
			);
			runOnlyForDeploymentPostprocessing = 0;
		};
/* End PBXResourcesBuildPhase section */

/* Begin PBXSourcesBuildPhase section */
		ED95F80E2ED528980020D4CF /* Sources */ = {
			isa = PBXSourcesBuildPhase;
			buildActionMask = 2147483647;
			files = (
			);
			runOnlyForDeploymentPostprocessing = 0;
		};
		ED95F81D2ED528990020D4CF /* Sources */ = {
			isa = PBXSourcesBuildPhase;
			buildActionMask = 2147483647;
			files = (
			);
			runOnlyForDeploymentPostprocessing = 0;
		};
		ED95F8272ED528990020D4CF /* Sources */ = {
			isa = PBXSourcesBuildPhase;
			buildActionMask = 2147483647;
			files = (
			);
			runOnlyForDeploymentPostprocessing = 0;
		};
/* End PBXSourcesBuildPhase section */

/* Begin PBXTargetDependency section */
		ED95F8232ED528990020D4CF /* PBXTargetDependency */ = {
			isa = PBXTargetDependency;
			target = ED95F8112ED528980020D4CF /* Aura Luxe */;
			targetProxy = ED95F8222ED528990020D4CF /* PBXContainerItemProxy */;
		};
		ED95F82D2ED528990020D4CF /* PBXTargetDependency */ = {
			isa = PBXTargetDependency;
			target = ED95F8112ED528980020D4CF /* Aura Luxe */;
			targetProxy = ED95F82C2ED528990020D4CF /* PBXContainerItemProxy */;
		};
/* End PBXTargetDependency section */

/* Begin XCBuildConfiguration section */
		ED95F8332ED528990020D4CF /* Debug */ = {
			isa = XCBuildConfiguration;
			buildSettings = {
				ALWAYS_SEARCH_USER_PATHS = NO;
				ASSETCATALOG_COMPILER_GENERATE_SWIFT_ASSET_SYMBOL_EXTENSIONS = YES;
				CLANG_ANALYZER_NONNULL = YES;
				CLANG_ANALYZER_NUMBER_OBJECT_CONVERSION = YES_AGGRESSIVE;
				CLANG_CXX_LANGUAGE_STANDARD = "gnu++20";
				CLANG_ENABLE_MODULES = YES;
				CLANG_ENABLE_OBJC_ARC = YES;
				CLANG_ENABLE_OBJC_WEAK = YES;
				CLANG_WARN_BLOCK_CAPTURE_AUTORELEASING = YES;
				CLANG_WARN_BOOL_CONVERSION = YES;
				CLANG_WARN_COMMA = YES;
				CLANG_WARN_CONSTANT_CONVERSION = YES;
				CLANG_WARN_DEPRECATED_OBJC_IMPLEMENTATIONS = YES;
				CLANG_WARN_DIRECT_OBJC_ISA_USAGE = YES_ERROR;
				CLANG_WARN_DOCUMENTATION_COMMENTS = YES;
				CLANG_WARN_EMPTY_BODY = YES;
				CLANG_WARN_ENUM_CONVERSION = YES;
				CLANG_WARN_INFINITE_RECURSION = YES;
				CLANG_WARN_INT_CONVERSION = YES;
				CLANG_WARN_NON_LITERAL_NULL_CONVERSION = YES;
				CLANG_WARN_OBJC_IMPLICIT_RETAIN_SELF = YES;
				CLANG_WARN_OBJC_LITERAL_CONVERSION = YES;
				CLANG_WARN_OBJC_ROOT_CLASS = YES_ERROR;
				CLANG_WARN_QUOTED_INCLUDE_IN_FRAMEWORK_HEADER = YES;
				CLANG_WARN_RANGE_LOOP_ANALYSIS = YES;
				CLANG_WARN_STRICT_PROTOTYPES = YES;
				CLANG_WARN_SUSPICIOUS_MOVE = YES;
				CLANG_WARN_UNGUARDED_AVAILABILITY = YES_AGGRESSIVE;
				CLANG_WARN_UNREACHABLE_CODE = YES;
				CLANG_WARN__DUPLICATE_METHOD_MATCH = YES;
				COPY_PHASE_STRIP = NO;
				DEBUG_INFORMATION_FORMAT = dwarf;
				ENABLE_STRICT_OBJC_MSGSEND = YES;
				ENABLE_TESTABILITY = YES;
				ENABLE_USER_SCRIPT_SANDBOXING = YES;
				GCC_C_LANGUAGE_STANDARD = gnu17;
				GCC_DYNAMIC_NO_PIC = NO;
				GCC_NO_COMMON_BLOCKS = YES;
				GCC_OPTIMIZATION_LEVEL = 0;
				GCC_PREPROCESSOR_DEFINITIONS = (
					"DEBUG=1",
					"$(inherited)",
				);
				GCC_WARN_64_TO_32_BIT_CONVERSION = YES;
				GCC_WARN_ABOUT_RETURN_TYPE = YES_ERROR;
				GCC_WARN_UNDECLARED_SELECTOR = YES;
				GCC_WARN_UNINITIALIZED_AUTOS = YES_AGGRESSIVE;
				GCC_WARN_UNUSED_FUNCTION = YES;
				GCC_WARN_UNUSED_VARIABLE = YES;
				IPHONEOS_DEPLOYMENT_TARGET = 26.1;
				LOCALIZATION_PREFERS_STRING_CATALOGS = YES;
				MTL_ENABLE_DEBUG_INFO = INCLUDE_SOURCE;
				MTL_FAST_MATH = YES;
				ONLY_ACTIVE_ARCH = YES;
				SDKROOT = iphoneos;
				SWIFT_ACTIVE_COMPILATION_CONDITIONS = "DEBUG $(inherited)";
				SWIFT_OPTIMIZATION_LEVEL = "-Onone";
			};
			name = Debug;
		};
		ED95F8342ED528990020D4CF /* Release */ = {
			isa = XCBuildConfiguration;
			buildSettings = {
				ALWAYS_SEARCH_USER_PATHS = NO;
				ASSETCATALOG_COMPILER_GENERATE_SWIFT_ASSET_SYMBOL_EXTENSIONS = YES;
				CLANG_ANALYZER_NONNULL = YES;
				CLANG_ANALYZER_NUMBER_OBJECT_CONVERSION = YES_AGGRESSIVE;
				CLANG_CXX_LANGUAGE_STANDARD = "gnu++20";
				CLANG_ENABLE_MODULES = YES;
				CLANG_ENABLE_OBJC_ARC = YES;
				CLANG_ENABLE_OBJC_WEAK = YES;
				CLANG_WARN_BLOCK_CAPTURE_AUTORELEASING = YES;
				CLANG_WARN_BOOL_CONVERSION = YES;
				CLANG_WARN_COMMA = YES;
				CLANG_WARN_CONSTANT_CONVERSION = YES;
				CLANG_WARN_DEPRECATED_OBJC_IMPLEMENTATIONS = YES;
				CLANG_WARN_DIRECT_OBJC_ISA_USAGE = YES_ERROR;
				CLANG_WARN_DOCUMENTATION_COMMENTS = YES;
				CLANG_WARN_EMPTY_BODY = YES;
				CLANG_WARN_ENUM_CONVERSION = YES;
				CLANG_WARN_INFINITE_RECURSION = YES;
				CLANG_WARN_INT_CONVERSION = YES;
				CLANG_WARN_NON_LITERAL_NULL_CONVERSION = YES;
				CLANG_WARN_OBJC_IMPLICIT_RETAIN_SELF = YES;
				CLANG_WARN_OBJC_LITERAL_CONVERSION = YES;
				CLANG_WARN_OBJC_ROOT_CLASS = YES_ERROR;
				CLANG_WARN_QUOTED_INCLUDE_IN_FRAMEWORK_HEADER = YES;
				CLANG_WARN_RANGE_LOOP_ANALYSIS = YES;
				CLANG_WARN_STRICT_PROTOTYPES = YES;
				CLANG_WARN_SUSPICIOUS_MOVE = YES;
				CLANG_WARN_UNGUARDED_AVAILABILITY = YES_AGGRESSIVE;
				CLANG_WARN_UNREACHABLE_CODE = YES;
				CLANG_WARN__DUPLICATE_METHOD_MATCH = YES;
				COPY_PHASE_STRIP = NO;
				DEBUG_INFORMATION_FORMAT = "dwarf-with-dsym";
				ENABLE_NS_ASSERTIONS = NO;
				ENABLE_STRICT_OBJC_MSGSEND = YES;
				ENABLE_USER_SCRIPT_SANDBOXING = YES;
				GCC_C_LANGUAGE_STANDARD = gnu17;
				GCC_NO_COMMON_BLOCKS = YES;
				GCC_WARN_64_TO_32_BIT_CONVERSION = YES;
				GCC_WARN_ABOUT_RETURN_TYPE = YES_ERROR;
				GCC_WARN_UNDECLARED_SELECTOR = YES;
				GCC_WARN_UNINITIALIZED_AUTOS = YES_AGGRESSIVE;
				GCC_WARN_UNUSED_FUNCTION = YES;
				GCC_WARN_UNUSED_VARIABLE = YES;
				IPHONEOS_DEPLOYMENT_TARGET = 26.1;
				LOCALIZATION_PREFERS_STRING_CATALOGS = YES;
				MTL_ENABLE_DEBUG_INFO = NO;
				MTL_FAST_MATH = YES;
				SDKROOT = iphoneos;
				SWIFT_COMPILATION_MODE = wholemodule;
				VALIDATE_PRODUCT = YES;
			};
			name = Release;
		};
		ED95F8362ED528990020D4CF /* Debug */ = {
			isa = XCBuildConfiguration;
			buildSettings = {
				ASSETCATALOG_COMPILER_APPICON_NAME = AppIcon;
				ASSETCATALOG_COMPILER_GLOBAL_ACCENT_COLOR_NAME = AccentColor;
				CODE_SIGN_STYLE = Automatic;
				CURRENT_PROJECT_VERSION = 1;
				ENABLE_PREVIEWS = YES;
				GENERATE_INFOPLIST_FILE = YES;
				INFOPLIST_KEY_UIApplicationSceneManifest_Generation = YES;
				INFOPLIST_KEY_UIApplicationSupportsIndirectInputEvents = YES;
				INFOPLIST_KEY_UILaunchScreen_Generation = YES;
				INFOPLIST_KEY_UISupportedInterfaceOrientations_iPad = "UIInterfaceOrientationPortrait UIInterfaceOrientationPortraitUpsideDown UIInterfaceOrientationLandscapeLeft UIInterfaceOrientationLandscapeRight";
				INFOPLIST_KEY_UISupportedInterfaceOrientations_iPhone = "UIInterfaceOrientationPortrait UIInterfaceOrientationLandscapeLeft UIInterfaceOrientationLandscapeRight";
				LD_RUNPATH_SEARCH_PATHS = (
					"$(inherited)",
					"@executable_path/Frameworks",
				);
				MARKETING_VERSION = 1.0;
				PRODUCT_BUNDLE_IDENTIFIER = "Charlotte.Aura-Luxe";
				PRODUCT_NAME = "$(TARGET_NAME)";
				STRING_CATALOG_GENERATE_SYMBOLS = YES;
				SWIFT_APPROACHABLE_CONCURRENCY = YES;
				SWIFT_DEFAULT_ACTOR_ISOLATION = MainActor;
				SWIFT_EMIT_LOC_STRINGS = YES;
				SWIFT_UPCOMING_FEATURE_MEMBER_IMPORT_VISIBILITY = YES;
				SWIFT_VERSION = 5.0;
				TARGETED_DEVICE_FAMILY = "1,2";
			};
			name = Debug;
		};
		ED95F8372ED528990020D4CF /* Release */ = {
			isa = XCBuildConfiguration;
			buildSettings = {
				ASSETCATALOG_COMPILER_APPICON_NAME = AppIcon;
				ASSETCATALOG_COMPILER_GLOBAL_ACCENT_COLOR_NAME = AccentColor;
				CODE_SIGN_STYLE = Automatic;
				CURRENT_PROJECT_VERSION = 1;
				ENABLE_PREVIEWS = YES;
				GENERATE_INFOPLIST_FILE = YES;
				INFOPLIST_KEY_UIApplicationSceneManifest_Generation = YES;
				INFOPLIST_KEY_UIApplicationSupportsIndirectInputEvents = YES;
				INFOPLIST_KEY_UILaunchScreen_Generation = YES;
				INFOPLIST_KEY_UISupportedInterfaceOrientations_iPad = "UIInterfaceOrientationPortrait UIInterfaceOrientationPortraitUpsideDown UIInterfaceOrientationLandscapeLeft UIInterfaceOrientationLandscapeRight";
				INFOPLIST_KEY_UISupportedInterfaceOrientations_iPhone = "UIInterfaceOrientationPortrait UIInterfaceOrientationLandscapeLeft UIInterfaceOrientationLandscapeRight";
				LD_RUNPATH_SEARCH_PATHS = (
					"$(inherited)",
					"@executable_path/Frameworks",
				);
				MARKETING_VERSION = 1.0;
				PRODUCT_BUNDLE_IDENTIFIER = "Charlotte.Aura-Luxe";
				PRODUCT_NAME = "$(TARGET_NAME)";
				STRING_CATALOG_GENERATE_SYMBOLS = YES;
				SWIFT_APPROACHABLE_CONCURRENCY = YES;
				SWIFT_DEFAULT_ACTOR_ISOLATION = MainActor;
				SWIFT_EMIT_LOC_STRINGS = YES;
				SWIFT_UPCOMING_FEATURE_MEMBER_IMPORT_VISIBILITY = YES;
				SWIFT_VERSION = 5.0;
				TARGETED_DEVICE_FAMILY = "1,2";
			};
			name = Release;
		};
		ED95F8392ED528990020D4CF /* Debug */ = {
			isa = XCBuildConfiguration;
			buildSettings = {
				BUNDLE_LOADER = "$(TEST_HOST)";
				CODE_SIGN_STYLE = Automatic;
				CURRENT_PROJECT_VERSION = 1;
				GENERATE_INFOPLIST_FILE = YES;
				IPHONEOS_DEPLOYMENT_TARGET = 26.1;
				MARKETING_VERSION = 1.0;
				PRODUCT_BUNDLE_IDENTIFIER = "Charlotte.Aura-LuxeTests";
				PRODUCT_NAME = "$(TARGET_NAME)";
				STRING_CATALOG_GENERATE_SYMBOLS = NO;
				SWIFT_APPROACHABLE_CONCURRENCY = YES;
				SWIFT_EMIT_LOC_STRINGS = NO;
				SWIFT_UPCOMING_FEATURE_MEMBER_IMPORT_VISIBILITY = YES;
				SWIFT_VERSION = 5.0;
				TARGETED_DEVICE_FAMILY = "1,2";
				TEST_HOST = "$(BUILT_PRODUCTS_DIR)/Aura Luxe.app/$(BUNDLE_EXECUTABLE_FOLDER_PATH)/Aura Luxe";
			};
			name = Debug;
		};
		ED95F83A2ED528990020D4CF /* Release */ = {
			isa = XCBuildConfiguration;
			buildSettings = {
				BUNDLE_LOADER = "$(TEST_HOST)";
				CODE_SIGN_STYLE = Automatic;
				CURRENT_PROJECT_VERSION = 1;
				GENERATE_INFOPLIST_FILE = YES;
				IPHONEOS_DEPLOYMENT_TARGET = 26.1;
				MARKETING_VERSION = 1.0;
				PRODUCT_BUNDLE_IDENTIFIER = "Charlotte.Aura-LuxeTests";
				PRODUCT_NAME = "$(TARGET_NAME)";
				STRING_CATALOG_GENERATE_SYMBOLS = NO;
				SWIFT_APPROACHABLE_CONCURRENCY = YES;
				SWIFT_EMIT_LOC_STRINGS = NO;
				SWIFT_UPCOMING_FEATURE_MEMBER_IMPORT_VISIBILITY = YES;
				SWIFT_VERSION = 5.0;
				TARGETED_DEVICE_FAMILY = "1,2";
				TEST_HOST = "$(BUILT_PRODUCTS_DIR)/Aura Luxe.app/$(BUNDLE_EXECUTABLE_FOLDER_PATH)/Aura Luxe";
			};
			name = Release;
		};
		ED95F83C2ED528990020D4CF /* Debug */ = {
			isa = XCBuildConfiguration;
			buildSettings = {
				CODE_SIGN_STYLE = Automatic;
				CURRENT_PROJECT_VERSION = 1;
				GENERATE_INFOPLIST_FILE = YES;
				MARKETING_VERSION = 1.0;
				PRODUCT_BUNDLE_IDENTIFIER = "Charlotte.Aura-LuxeUITests";
				PRODUCT_NAME = "$(TARGET_NAME)";
				STRING_CATALOG_GENERATE_SYMBOLS = NO;
				SWIFT_APPROACHABLE_CONCURRENCY = YES;
				SWIFT_EMIT_LOC_STRINGS = NO;
				SWIFT_UPCOMING_FEATURE_MEMBER_IMPORT_VISIBILITY = YES;
				SWIFT_VERSION = 5.0;
				TARGETED_DEVICE_FAMILY = "1,2";
				TEST_TARGET_NAME = "Aura Luxe";
			};
			name = Debug;
		};
		ED95F83D2ED528990020D4CF /* Release */ = {
			isa = XCBuildConfiguration;
			buildSettings = {
				CODE_SIGN_STYLE = Automatic;
				CURRENT_PROJECT_VERSION = 1;
				GENERATE_INFOPLIST_FILE = YES;
				MARKETING_VERSION = 1.0;
				PRODUCT_BUNDLE_IDENTIFIER = "Charlotte.Aura-LuxeUITests";
				PRODUCT_NAME = "$(TARGET_NAME)";
				STRING_CATALOG_GENERATE_SYMBOLS = NO;
				SWIFT_APPROACHABLE_CONCURRENCY = YES;
				SWIFT_EMIT_LOC_STRINGS = NO;
				SWIFT_UPCOMING_FEATURE_MEMBER_IMPORT_VISIBILITY = YES;
				SWIFT_VERSION = 5.0;
				TARGETED_DEVICE_FAMILY = "1,2";
				TEST_TARGET_NAME = "Aura Luxe";
			};
			name = Release;
		};
/* End XCBuildConfiguration section */

/* Begin XCConfigurationList section */
		ED95F80D2ED528980020D4CF /* Build configuration list for PBXProject "Aura Luxe" */ = {
			isa = XCConfigurationList;
			buildConfigurations = (
				ED95F8332ED528990020D4CF /* Debug */,
				ED95F8342ED528990020D4CF /* Release */,
			);
			defaultConfigurationIsVisible = 0;
			defaultConfigurationName = Release;
		};
		ED95F8352ED528990020D4CF /* Build configuration list for PBXNativeTarget "Aura Luxe" */ = {
			isa = XCConfigurationList;
			buildConfigurations = (
				ED95F8362ED528990020D4CF /* Debug */,
				ED95F8372ED528990020D4CF /* Release */,
			);
			defaultConfigurationIsVisible = 0;
			defaultConfigurationName = Release;
		};
		ED95F8382ED528990020D4CF /* Build configuration list for PBXNativeTarget "Aura LuxeTests" */ = {
			isa = XCConfigurationList;
			buildConfigurations = (
				ED95F8392ED528990020D4CF /* Debug */,
				ED95F83A2ED528990020D4CF /* Release */,
			);
			defaultConfigurationIsVisible = 0;
			defaultConfigurationName = Release;
		};
		ED95F83B2ED528990020D4CF /* Build configuration list for PBXNativeTarget "Aura LuxeUITests" */ = {
			isa = XCConfigurationList;
			buildConfigurations = (
				ED95F83C2ED528990020D4CF /* Debug */,
				ED95F83D2ED528990020D4CF /* Release */,
			);
			defaultConfigurationIsVisible = 0;
			defaultConfigurationName = Release;
		};
/* End XCConfigurationList section */

/* Begin XCRemoteSwiftPackageReference section */
		ED9F19AE2F0F64D1003B8A48 /* XCRemoteSwiftPackageReference "SwiftSoup" */ = {
			isa = XCRemoteSwiftPackageReference;
			repositoryURL = "https://github.com/scinfu/SwiftSoup.git";
			requirement = {
				kind = upToNextMajorVersion;
				minimumVersion = 2.11.3;
			};
		};
		EDE4FBEB2ED805DE00D4CBA6 /* XCRemoteSwiftPackageReference "supabase-swift" */ = {
			isa = XCRemoteSwiftPackageReference;
			repositoryURL = "https://github.com/supabase-community/supabase-swift";
			requirement = {
				kind = upToNextMajorVersion;
				minimumVersion = 2.5.1;
			};
		};
/* End XCRemoteSwiftPackageReference section */

/* Begin XCSwiftPackageProductDependency section */
		ED9F19AF2F0F64D1003B8A48 /* SwiftSoup */ = {
			isa = XCSwiftPackageProductDependency;
			package = ED9F19AE2F0F64D1003B8A48 /* XCRemoteSwiftPackageReference "SwiftSoup" */;
			productName = SwiftSoup;
		};
		EDE4FBEC2ED805DE00D4CBA6 /* Auth */ = {
			isa = XCSwiftPackageProductDependency;
			package = EDE4FBEB2ED805DE00D4CBA6 /* XCRemoteSwiftPackageReference "supabase-swift" */;
			productName = Auth;
		};
		EDE4FBEE2ED805DE00D4CBA6 /* Functions */ = {
			isa = XCSwiftPackageProductDependency;
			package = EDE4FBEB2ED805DE00D4CBA6 /* XCRemoteSwiftPackageReference "supabase-swift" */;
			productName = Functions;
		};
		EDE4FBF02ED805DE00D4CBA6 /* PostgREST */ = {
			isa = XCSwiftPackageProductDependency;
			package = EDE4FBEB2ED805DE00D4CBA6 /* XCRemoteSwiftPackageReference "supabase-swift" */;
			productName = PostgREST;
		};
		EDE4FBF22ED805DE00D4CBA6 /* Realtime */ = {
			isa = XCSwiftPackageProductDependency;
			package = EDE4FBEB2ED805DE00D4CBA6 /* XCRemoteSwiftPackageReference "supabase-swift" */;
			productName = Realtime;
		};
		EDE4FBF42ED805DE00D4CBA6 /* Storage */ = {
			isa = XCSwiftPackageProductDependency;
			package = EDE4FBEB2ED805DE00D4CBA6 /* XCRemoteSwiftPackageReference "supabase-swift" */;
			productName = Storage;
		};
		EDE4FC022ED8094800D4CBA6 /* Supabase */ = {
			isa = XCSwiftPackageProductDependency;
			package = EDE4FBEB2ED805DE00D4CBA6 /* XCRemoteSwiftPackageReference "supabase-swift" */;
			productName = Supabase;
		};
/* End XCSwiftPackageProductDependency section */
	};
	rootObject = ED95F80A2ED528980020D4CF /* Project object */;
}
